
Microsoft Visual Studio Solution File, Format Version 12.00
# Visual Studio 15
VisualStudioVersion = 15.0.28010.2016
MinimumVisualStudioVersion = 10.0.40219.1
Project("{FAE04EC0-301F-11D3-BF4B-00C04F79EFBC}") = "EF6(3.Example2(one-to-many)", "EF6(3.Example2(one-to-much)\EF6(3.Example2(one-to-many).csproj", "{DD990CAE-F551-4EFF-8156-127190371CC4}"
EndProject
Global
	GlobalSection(SolutionConfigurationPlatforms) = preSolution
		Debug|Any CPU = Debug|Any CPU
		Release|Any CPU = Release|Any CPU
	EndGlobalSection
	GlobalSection(ProjectConfigurationPlatforms) = postSolution
		{DD990CAE-F551-4EFF-8156-127190371CC4}.Debug|Any CPU.ActiveCfg = Debug|Any CPU
		{DD990CAE-F551-4EFF-8156-127190371CC4}.Debug|Any CPU.Build.0 = Debug|Any CPU
		{DD990CAE-F551-4EFF-8156-127190371CC4}.Release|Any CPU.ActiveCfg = Release|Any CPU
		{DD990CAE-F551-4EFF-8156-127190371CC4}.Release|Any CPU.Build.0 = Release|Any CPU
	EndGlobalSection
	GlobalSection(SolutionProperties) = preSolution
		HideSolutionNode = FALSE
	EndGlobalSection
	GlobalSection(ExtensibilityGlobals) = postSolution
		SolutionGuid = {06F436DA-74AC-427E-BC4A-D0C06C8341D7}
	EndGlobalSection
EndGlobal
